
Microsoft Visual Studio Solution File, Format Version 12.00
# Visual Studio Version 16
VisualStudioVersion = 16.0.34301.259
MinimumVisualStudioVersion = 10.0.40219.1
Project("{FAE04EC0-301F-11D3-BF4B-00C04F79EFBC}") = "Food_Delivery_Website", "Food_Delivery_Website.csproj", "{AF802687-E49F-4FC7-B023-D554584D8DAE}"
EndProject
Global
	GlobalSection(SolutionConfigurationPlatforms) = preSolution
		Debug|Any CPU = Debug|Any CPU
		Release|Any CPU = Release|Any CPU
	EndGlobalSection
	GlobalSection(ProjectConfigurationPlatforms) = postSolution
		{AF802687-E49F-4FC7-B023-D554584D8DAE}.Debug|Any CPU.ActiveCfg = Debug|Any CPU
		{AF802687-E49F-4FC7-B023-D554584D8DAE}.Debug|Any CPU.Build.0 = Debug|Any CPU
		{AF802687-E49F-4FC7-B023-D554584D8DAE}.Release|Any CPU.ActiveCfg = Release|Any CPU
		{AF802687-E49F-4FC7-B023-D554584D8DAE}.Release|Any CPU.Build.0 = Release|Any CPU
	EndGlobalSection
	GlobalSection(SolutionProperties) = preSolution
		HideSolutionNode = FALSE
	EndGlobalSection
	GlobalSection(ExtensibilityGlobals) = postSolution
		SolutionGuid = {C73B8DB0-C8A9-4C2C-BE10-F49D20B5F18E}
	EndGlobalSection
EndGlobal
